
Microsoft Visual Studio Solution File, Format Version 12.00
# Visual Studio Version 16
VisualStudioVersion = 16.0.29411.138
MinimumVisualStudioVersion = 10.0.40219.1
Project("{FAE04EC0-301F-11D3-BF4B-00C04F79EFBC}") = "IgarBot", "IgarBot\IgarBot.csproj", "{3F625A9B-98EF-4A49-9EBA-A96829AAC1AD}"
EndProject
Global
	GlobalSection(SolutionConfigurationPlatforms) = preSolution
		Debug|Any CPU = Debug|Any CPU
		Release|Any CPU = Release|Any CPU
	EndGlobalSection
	GlobalSection(ProjectConfigurationPlatforms) = postSolution
		{3F625A9B-98EF-4A49-9EBA-A96829AAC1AD}.Debug|Any CPU.ActiveCfg = Debug|Any CPU
		{3F625A9B-98EF-4A49-9EBA-A96829AAC1AD}.Debug|Any CPU.Build.0 = Debug|Any CPU
		{3F625A9B-98EF-4A49-9EBA-A96829AAC1AD}.Release|Any CPU.ActiveCfg = Release|Any CPU
		{3F625A9B-98EF-4A49-9EBA-A96829AAC1AD}.Release|Any CPU.Build.0 = Release|Any CPU
	EndGlobalSection
	GlobalSection(SolutionProperties) = preSolution
		HideSolutionNode = FALSE
	EndGlobalSection
	GlobalSection(ExtensibilityGlobals) = postSolution
		SolutionGuid = {62D90527-D65A-4493-9532-4992604DA1FE}
	EndGlobalSection
EndGlobal
